
Microsoft Visual Studio Solution File, Format Version 12.00
# Visual Studio Version 16
VisualStudioVersion = 16.0.30413.136
MinimumVisualStudioVersion = 10.0.40219.1
Project("{2150E333-8FDC-42A3-9474-1A3956D46DE8}") = "1.DAC", "1.DAC", "{837E4B3F-107A-414E-93B6-F3C46DEEAF99}"
EndProject
Project("{2150E333-8FDC-42A3-9474-1A3956D46DE8}") = "2.BUSIINNESSENTITIES", "2.BUSIINNESSENTITIES", "{EE43A339-4422-4755-8963-71BDA0C96D17}"
EndProject
Project("{2150E333-8FDC-42A3-9474-1A3956D46DE8}") = "3.FACADE", "3.FACADE", "{5DD2A572-DA69-479E-9249-EB198446A83F}"
EndProject
Project("{2150E333-8FDC-42A3-9474-1A3956D46DE8}") = "4.GUI", "4.GUI", "{8172E472-25B8-4455-9658-298EC385D99D}"
EndProject
Project("{FAE04EC0-301F-11D3-BF4B-00C04F79EFBC}") = "DATA_ACCESS", "DATA_ACCESS\DATA_ACCESS.csproj", "{AA50844D-8468-4FBC-9E67-4F5FD9879465}"
EndProject
Project("{FAE04EC0-301F-11D3-BF4B-00C04F79EFBC}") = "ECOPETROL_COMMON", "ECOPETROL_COMMON\ECOPETROL_COMMON.csproj", "{275D09D2-C860-43AC-B22D-3355CD309E06}"
EndProject
Project("{FAE04EC0-301F-11D3-BF4B-00C04F79EFBC}") = "Facede", "Facede\Facede.csproj", "{7B7C9977-062D-471B-88AD-97DA654BC2FF}"
EndProject
Project("{FAE04EC0-301F-11D3-BF4B-00C04F79EFBC}") = "AsaludEcopetrol", "AsaludEcopetrol\AsaludEcopetrol.csproj", "{E19913E6-CBE5-4121-9F83-3201FF8B00B8}"
EndProject
Project("{FAE04EC0-301F-11D3-BF4B-00C04F79EFBC}") = "ANALITICA_COMMON", "ANALITICA_COMMON\ANALITICA_COMMON.csproj", "{3B8137C5-4A3F-4365-88D5-83801D288489}"
EndProject
Global
	GlobalSection(SolutionConfigurationPlatforms) = preSolution
		Debug|Any CPU = Debug|Any CPU
		Release|Any CPU = Release|Any CPU
	EndGlobalSection
	GlobalSection(ProjectConfigurationPlatforms) = postSolution
		{AA50844D-8468-4FBC-9E67-4F5FD9879465}.Debug|Any CPU.ActiveCfg = Debug|Any CPU
		{AA50844D-8468-4FBC-9E67-4F5FD9879465}.Debug|Any CPU.Build.0 = Debug|Any CPU
		{AA50844D-8468-4FBC-9E67-4F5FD9879465}.Release|Any CPU.ActiveCfg = Release|Any CPU
		{AA50844D-8468-4FBC-9E67-4F5FD9879465}.Release|Any CPU.Build.0 = Release|Any CPU
		{275D09D2-C860-43AC-B22D-3355CD309E06}.Debug|Any CPU.ActiveCfg = Debug|Any CPU
		{275D09D2-C860-43AC-B22D-3355CD309E06}.Debug|Any CPU.Build.0 = Debug|Any CPU
		{275D09D2-C860-43AC-B22D-3355CD309E06}.Release|Any CPU.ActiveCfg = Release|Any CPU
		{275D09D2-C860-43AC-B22D-3355CD309E06}.Release|Any CPU.Build.0 = Release|Any CPU
		{7B7C9977-062D-471B-88AD-97DA654BC2FF}.Debug|Any CPU.ActiveCfg = Debug|Any CPU
		{7B7C9977-062D-471B-88AD-97DA654BC2FF}.Debug|Any CPU.Build.0 = Debug|Any CPU
		{7B7C9977-062D-471B-88AD-97DA654BC2FF}.Release|Any CPU.ActiveCfg = Release|Any CPU
		{7B7C9977-062D-471B-88AD-97DA654BC2FF}.Release|Any CPU.Build.0 = Release|Any CPU
		{E19913E6-CBE5-4121-9F83-3201FF8B00B8}.Debug|Any CPU.ActiveCfg = Debug|Any CPU
		{E19913E6-CBE5-4121-9F83-3201FF8B00B8}.Debug|Any CPU.Build.0 = Debug|Any CPU
		{E19913E6-CBE5-4121-9F83-3201FF8B00B8}.Release|Any CPU.ActiveCfg = Release|Any CPU
		{E19913E6-CBE5-4121-9F83-3201FF8B00B8}.Release|Any CPU.Build.0 = Release|Any CPU
		{3B8137C5-4A3F-4365-88D5-83801D288489}.Debug|Any CPU.ActiveCfg = Debug|Any CPU
		{3B8137C5-4A3F-4365-88D5-83801D288489}.Debug|Any CPU.Build.0 = Debug|Any CPU
		{3B8137C5-4A3F-4365-88D5-83801D288489}.Release|Any CPU.ActiveCfg = Release|Any CPU
		{3B8137C5-4A3F-4365-88D5-83801D288489}.Release|Any CPU.Build.0 = Release|Any CPU
	EndGlobalSection
	GlobalSection(SolutionProperties) = preSolution
		HideSolutionNode = FALSE
	EndGlobalSection
	GlobalSection(NestedProjects) = preSolution
		{AA50844D-8468-4FBC-9E67-4F5FD9879465} = {837E4B3F-107A-414E-93B6-F3C46DEEAF99}
		{275D09D2-C860-43AC-B22D-3355CD309E06} = {EE43A339-4422-4755-8963-71BDA0C96D17}
		{7B7C9977-062D-471B-88AD-97DA654BC2FF} = {5DD2A572-DA69-479E-9249-EB198446A83F}
		{E19913E6-CBE5-4121-9F83-3201FF8B00B8} = {8172E472-25B8-4455-9658-298EC385D99D}
		{3B8137C5-4A3F-4365-88D5-83801D288489} = {EE43A339-4422-4755-8963-71BDA0C96D17}
	EndGlobalSection
	GlobalSection(ExtensibilityGlobals) = postSolution
		SolutionGuid = {31171458-4D8B-4EA2-8052-4FEB938C6FBC}
	EndGlobalSection
EndGlobal
